# This file is autogenerated, do not edit; changes may be undone by the next 'dep ensure'.


[[projects]]
  name = "cloud.google.com/go"
  packages = ["compute/metadata"]
  revision = "eaddaf6dd7ee35fd3c2420c8d27478db176b0485"
  version = "v0.15.0"

[[projects]]
  name = "github.com/codegangsta/cli"
  packages = ["."]
  revision = "cfb38830724cc34fedffe9a2a29fb54fa9169cd1"
  version = "v1.20.0"

[[projects]]
  branch = "master"
  name = "github.com/ericchiang/k8s"
  packages = [".","api/resource","api/unversioned","api/v1","apis/apps/v1alpha1","apis/apps/v1beta1","apis/authentication/v1","apis/authentication/v1beta1","apis/authorization/v1","apis/authorization/v1beta1","apis/autoscaling/v1","apis/autoscaling/v2alpha1","apis/batch/v1","apis/batch/v2alpha1","apis/certificates/v1alpha1","apis/certificates/v1beta1","apis/extensions/v1beta1","apis/imagepolicy/v1alpha1","apis/meta/v1","apis/policy/v1alpha1","apis/policy/v1beta1","apis/rbac/v1alpha1","apis/rbac/v1beta1","apis/settings/v1alpha1","apis/storage/v1","apis/storage/v1beta1","runtime","runtime/schema","util/intstr","watch/versioned"]
  revision = "fa30591be9ccaacee478995fbba53c648e901483"

[[projects]]
  branch = "master"
  name = "github.com/golang/protobuf"
  packages = ["proto","ptypes","ptypes/any","ptypes/duration","ptypes/timestamp"]
  revision = "1643683e1b54a9e88ad26d98f81400c8c9d9f4f9"

[[projects]]
  name = "github.com/rs/zerolog"
  packages = [".","internal/json","log"]
  revision = "3ac71fc58dbd43122668a912b755b0979ba9ce1f"
  version = "v1.3.0"

[[projects]]
  branch = "master"
  name = "golang.org/x/net"
  packages = ["context","context/ctxhttp","http2","http2/hpack","idna","internal/timeseries","lex/httplex","trace"]
  revision = "a04bdaca5b32abe1c069418fb7088ae607de5bd0"

[[projects]]
  branch = "master"
  name = "golang.org/x/oauth2"
  packages = [".","google","internal","jws","jwt"]
  revision = "bb50c06baba3d0c76f9d125c0719093e315b5b44"

[[projects]]
  branch = "master"
  name = "golang.org/x/text"
  packages = ["collate","collate/build","internal/colltab","internal/gen","internal/tag","internal/triegen","internal/ucd","language","secure/bidirule","transform","unicode/bidi","unicode/cldr","unicode/norm","unicode/rangetable"]
  revision = "c01e4764d870b77f8abe5096ee19ad20d80e8075"

[[projects]]
  branch = "master"
  name = "golang.org/x/tools"
  packages = ["go/ast/astutil","go/buildutil","go/loader"]
  revision = "9b61fcc4c548d69663d915801fc4b42a43b6cd9c"

[[projects]]
  branch = "master"
  name = "google.golang.org/api"
  packages = ["compute/v1","container/v1","gensupport","googleapi","googleapi/internal/uritemplates","googleapi/transport","internal","option","transport/http"]
  revision = "9e2045da407b8bc1df9bc5c14d4d1a7e7e182e05"

[[projects]]
  name = "google.golang.org/appengine"
  packages = [".","internal","internal/app_identity","internal/base","internal/datastore","internal/log","internal/modules","internal/remote_api","internal/urlfetch","urlfetch"]
  revision = "150dc57a1b433e64154302bdc40b6bb8aefa313a"
  version = "v1.0.0"

[[projects]]
  branch = "master"
  name = "google.golang.org/genproto"
  packages = ["googleapis/rpc/status"]
  revision = "f676e0f3ac6395ff1a529ae59a6670878a8371a6"

[[projects]]
  name = "google.golang.org/grpc"
  packages = [".","balancer","codes","connectivity","credentials","grpclb/grpc_lb_v1/messages","grpclog","internal","keepalive","metadata","naming","peer","resolver","stats","status","tap","transport"]
  revision = "f7bf885db0b7479a537ec317c6e48ce53145f3db"
  version = "v1.7.0"

[[projects]]
  branch = "v2"
  name = "gopkg.in/yaml.v2"
  packages = ["."]
  revision = "eb3733d160e74a9c7e442f435eb3bea458e1d19f"

[solve-meta]
  analyzer-name = "dep"
  analyzer-version = 1
  inputs-digest = "af46a79925c8ec346f27651214d2febb63eb05c66a0e811b1ffcea0d649af1f1"
  solver-name = "gps-cdcl"
  solver-version = 1
